
Microsoft Visual Studio Solution File, Format Version 12.00
# Visual Studio 15
VisualStudioVersion = 15.0.28307.757
MinimumVisualStudioVersion = 10.0.40219.1
Project("{FAE04EC0-301F-11D3-BF4B-00C04F79EFBC}") = "PracticalTest", "PracticalTest\PracticalTest.csproj", "{0389E375-A66A-4C2D-991B-098C6A68AEEA}"
EndProject
Global
	GlobalSection(SolutionConfigurationPlatforms) = preSolution
		Debug|Any CPU = Debug|Any CPU
		Release|Any CPU = Release|Any CPU
	EndGlobalSection
	GlobalSection(ProjectConfigurationPlatforms) = postSolution
		{0389E375-A66A-4C2D-991B-098C6A68AEEA}.Debug|Any CPU.ActiveCfg = Debug|Any CPU
		{0389E375-A66A-4C2D-991B-098C6A68AEEA}.Debug|Any CPU.Build.0 = Debug|Any CPU
		{0389E375-A66A-4C2D-991B-098C6A68AEEA}.Release|Any CPU.ActiveCfg = Release|Any CPU
		{0389E375-A66A-4C2D-991B-098C6A68AEEA}.Release|Any CPU.Build.0 = Release|Any CPU
	EndGlobalSection
	GlobalSection(SolutionProperties) = preSolution
		HideSolutionNode = FALSE
	EndGlobalSection
	GlobalSection(ExtensibilityGlobals) = postSolution
		SolutionGuid = {EBFB96BE-7C4D-4807-8BB9-CE92F79D2B20}
	EndGlobalSection
EndGlobal
